
Microsoft Visual Studio Solution File, Format Version 12.00
# Visual Studio Version 17
VisualStudioVersion = 17.11.35222.181
MinimumVisualStudioVersion = 10.0.40219.1
Project("{8BC9CEB8-8B4A-11D0-8D11-00A0C91BC942}") = "LR6.1rec", "LR6.1rec\LR6.1rec.vcxproj", "{1F772B91-0441-436B-85BC-057DB2428BF2}"
EndProject
Project("{8BC9CEB8-8B4A-11D0-8D11-00A0C91BC942}") = "UnitTest1", "UnitTest1\UnitTest1.vcxproj", "{A12F1D88-91B2-4D6B-B45B-71E988524BFE}"
EndProject
Global
	GlobalSection(SolutionConfigurationPlatforms) = preSolution
		Debug|x64 = Debug|x64
		Debug|x86 = Debug|x86
		Release|x64 = Release|x64
		Release|x86 = Release|x86
	EndGlobalSection
	GlobalSection(ProjectConfigurationPlatforms) = postSolution
		{1F772B91-0441-436B-85BC-057DB2428BF2}.Debug|x64.ActiveCfg = Debug|x64
		{1F772B91-0441-436B-85BC-057DB2428BF2}.Debug|x64.Build.0 = Debug|x64
		{1F772B91-0441-436B-85BC-057DB2428BF2}.Debug|x86.ActiveCfg = Debug|Win32
		{1F772B91-0441-436B-85BC-057DB2428BF2}.Debug|x86.Build.0 = Debug|Win32
		{1F772B91-0441-436B-85BC-057DB2428BF2}.Release|x64.ActiveCfg = Release|x64
		{1F772B91-0441-436B-85BC-057DB2428BF2}.Release|x64.Build.0 = Release|x64
		{1F772B91-0441-436B-85BC-057DB2428BF2}.Release|x86.ActiveCfg = Release|Win32
		{1F772B91-0441-436B-85BC-057DB2428BF2}.Release|x86.Build.0 = Release|Win32
		{A12F1D88-91B2-4D6B-B45B-71E988524BFE}.Debug|x64.ActiveCfg = Debug|x64
		{A12F1D88-91B2-4D6B-B45B-71E988524BFE}.Debug|x64.Build.0 = Debug|x64
		{A12F1D88-91B2-4D6B-B45B-71E988524BFE}.Debug|x86.ActiveCfg = Debug|Win32
		{A12F1D88-91B2-4D6B-B45B-71E988524BFE}.Debug|x86.Build.0 = Debug|Win32
		{A12F1D88-91B2-4D6B-B45B-71E988524BFE}.Release|x64.ActiveCfg = Release|x64
		{A12F1D88-91B2-4D6B-B45B-71E988524BFE}.Release|x64.Build.0 = Release|x64
		{A12F1D88-91B2-4D6B-B45B-71E988524BFE}.Release|x86.ActiveCfg = Release|Win32
		{A12F1D88-91B2-4D6B-B45B-71E988524BFE}.Release|x86.Build.0 = Release|Win32
	EndGlobalSection
	GlobalSection(SolutionProperties) = preSolution
		HideSolutionNode = FALSE
	EndGlobalSection
	GlobalSection(ExtensibilityGlobals) = postSolution
		SolutionGuid = {00BC3761-532F-41AC-A5C4-6F5C9E0E4277}
	EndGlobalSection
EndGlobal
